
Microsoft Visual Studio Solution File, Format Version 12.00
# Visual Studio Version 17
VisualStudioVersion = 17.13.35825.156 d17.13
MinimumVisualStudioVersion = 10.0.40219.1
Project("{FAE04EC0-301F-11D3-BF4B-00C04F79EFBC}") = "fianzas_app", "fianzas_app.csproj", "{AF4E85E1-7B6B-4058-9532-2BA24A47D089}"
EndProject
Global
	GlobalSection(SolutionConfigurationPlatforms) = preSolution
		Debug|Any CPU = Debug|Any CPU
		Release|Any CPU = Release|Any CPU
	EndGlobalSection
	GlobalSection(ProjectConfigurationPlatforms) = postSolution
		{AF4E85E1-7B6B-4058-9532-2BA24A47D089}.Debug|Any CPU.ActiveCfg = Debug|Any CPU
		{AF4E85E1-7B6B-4058-9532-2BA24A47D089}.Debug|Any CPU.Build.0 = Debug|Any CPU
		{AF4E85E1-7B6B-4058-9532-2BA24A47D089}.Release|Any CPU.ActiveCfg = Release|Any CPU
		{AF4E85E1-7B6B-4058-9532-2BA24A47D089}.Release|Any CPU.Build.0 = Release|Any CPU
	EndGlobalSection
	GlobalSection(SolutionProperties) = preSolution
		HideSolutionNode = FALSE
	EndGlobalSection
	GlobalSection(ExtensibilityGlobals) = postSolution
		SolutionGuid = {74C09699-B5F7-4E12-974F-5D94695AE9C0}
	EndGlobalSection
EndGlobal
